
Microsoft Visual Studio Solution File, Format Version 12.00
# Visual Studio Version 17
VisualStudioVersion = 17.5.33516.290
MinimumVisualStudioVersion = 10.0.40219.1
Project("{FAE04EC0-301F-11D3-BF4B-00C04F79EFBC}") = "WPF Rich Text Editor Homework", "WPF Rich Text Editor Homework\WPF Rich Text Editor Homework.csproj", "{F43A61BD-0DB2-4933-B812-CDD972A55D36}"
EndProject
Global
	GlobalSection(SolutionConfigurationPlatforms) = preSolution
		Debug|Any CPU = Debug|Any CPU
		Release|Any CPU = Release|Any CPU
	EndGlobalSection
	GlobalSection(ProjectConfigurationPlatforms) = postSolution
		{F43A61BD-0DB2-4933-B812-CDD972A55D36}.Debug|Any CPU.ActiveCfg = Debug|Any CPU
		{F43A61BD-0DB2-4933-B812-CDD972A55D36}.Debug|Any CPU.Build.0 = Debug|Any CPU
		{F43A61BD-0DB2-4933-B812-CDD972A55D36}.Release|Any CPU.ActiveCfg = Release|Any CPU
		{F43A61BD-0DB2-4933-B812-CDD972A55D36}.Release|Any CPU.Build.0 = Release|Any CPU
	EndGlobalSection
	GlobalSection(SolutionProperties) = preSolution
		HideSolutionNode = FALSE
	EndGlobalSection
	GlobalSection(ExtensibilityGlobals) = postSolution
		SolutionGuid = {580DC0F3-F9B3-4F92-8953-4494774E3187}
	EndGlobalSection
EndGlobal
